
Microsoft Visual Studio Solution File, Format Version 12.00
# Visual Studio Version 17
VisualStudioVersion = 17.5.33502.453
MinimumVisualStudioVersion = 10.0.40219.1
Project("{9A19103F-16F7-4668-BE54-9A1E7A4F7556}") = "NES.Demo", "NES.Demo\NES.Demo.csproj", "{BD9BF9C6-0495-4CA8-B51D-413969DB0DD4}"
EndProject
Project("{9A19103F-16F7-4668-BE54-9A1E7A4F7556}") = "NES.Core", "NES.Core\NES.Core.csproj", "{5A8BDD12-F259-4106-99C8-6E2BC955927E}"
EndProject
Project("{2150E333-8FDC-42A3-9474-1A3956D46DE8}") = "解决方案项", "解决方案项", "{2BA0A39E-5F0F-4961-BA4D-0BE25CFEEB71}"
	ProjectSection(SolutionItems) = preProject
		screenshot\current.png = screenshot\current.png
		README.md = README.md
	EndProjectSection
EndProject
Project("{FAE04EC0-301F-11D3-BF4B-00C04F79EFBC}") = "HanyControlUseTest", "HanyControlUseTest\HanyControlUseTest.csproj", "{DBF574EF-CE97-410D-B1C9-8746835B76BF}"
EndProject
Global
	GlobalSection(SolutionConfigurationPlatforms) = preSolution
		Debug|Any CPU = Debug|Any CPU
		Release|Any CPU = Release|Any CPU
	EndGlobalSection
	GlobalSection(ProjectConfigurationPlatforms) = postSolution
		{BD9BF9C6-0495-4CA8-B51D-413969DB0DD4}.Debug|Any CPU.ActiveCfg = Debug|Any CPU
		{BD9BF9C6-0495-4CA8-B51D-413969DB0DD4}.Debug|Any CPU.Build.0 = Debug|Any CPU
		{BD9BF9C6-0495-4CA8-B51D-413969DB0DD4}.Release|Any CPU.ActiveCfg = Release|Any CPU
		{BD9BF9C6-0495-4CA8-B51D-413969DB0DD4}.Release|Any CPU.Build.0 = Release|Any CPU
		{5A8BDD12-F259-4106-99C8-6E2BC955927E}.Debug|Any CPU.ActiveCfg = Debug|Any CPU
		{5A8BDD12-F259-4106-99C8-6E2BC955927E}.Debug|Any CPU.Build.0 = Debug|Any CPU
		{5A8BDD12-F259-4106-99C8-6E2BC955927E}.Release|Any CPU.ActiveCfg = Release|Any CPU
		{5A8BDD12-F259-4106-99C8-6E2BC955927E}.Release|Any CPU.Build.0 = Release|Any CPU
		{DBF574EF-CE97-410D-B1C9-8746835B76BF}.Debug|Any CPU.ActiveCfg = Debug|Any CPU
		{DBF574EF-CE97-410D-B1C9-8746835B76BF}.Debug|Any CPU.Build.0 = Debug|Any CPU
		{DBF574EF-CE97-410D-B1C9-8746835B76BF}.Release|Any CPU.ActiveCfg = Release|Any CPU
		{DBF574EF-CE97-410D-B1C9-8746835B76BF}.Release|Any CPU.Build.0 = Release|Any CPU
	EndGlobalSection
	GlobalSection(SolutionProperties) = preSolution
		HideSolutionNode = FALSE
	EndGlobalSection
	GlobalSection(ExtensibilityGlobals) = postSolution
		SolutionGuid = {B8714A03-129A-48BB-9C96-AB433991910D}
	EndGlobalSection
EndGlobal
